
Microsoft Visual Studio Solution File, Format Version 12.00
# Visual Studio Version 17
VisualStudioVersion = 17.11.35327.3
MinimumVisualStudioVersion = 10.0.40219.1
Project("{9A19103F-16F7-4668-BE54-9A1E7A4F7556}") = "Web.Chat.Web", "src\Web.Chat.Web\Web.Chat.Web.csproj", "{011771D1-ED42-4117-8EB7-E2EC703D4544}"
EndProject
Project("{FAE04EC0-301F-11D3-BF4B-00C04F79EFBC}") = "Web.Chat.Data", "src\Web.Chat.Data\Web.Chat.Data.csproj", "{78B41DCB-7EDD-4E77-B903-4A78D125A142}"
EndProject
Project("{FAE04EC0-301F-11D3-BF4B-00C04F79EFBC}") = "Web.Chat.Api", "src\Web.Chat.Api\Web.Chat.Api.csproj", "{4DADE178-9854-4F1D-BEDC-38D2E6CC3E6D}"
EndProject
Global
	GlobalSection(SolutionConfigurationPlatforms) = preSolution
		Debug|Any CPU = Debug|Any CPU
		Release|Any CPU = Release|Any CPU
	EndGlobalSection
	GlobalSection(ProjectConfigurationPlatforms) = postSolution
		{011771D1-ED42-4117-8EB7-E2EC703D4544}.Debug|Any CPU.ActiveCfg = Debug|Any CPU
		{011771D1-ED42-4117-8EB7-E2EC703D4544}.Debug|Any CPU.Build.0 = Debug|Any CPU
		{011771D1-ED42-4117-8EB7-E2EC703D4544}.Release|Any CPU.ActiveCfg = Release|Any CPU
		{011771D1-ED42-4117-8EB7-E2EC703D4544}.Release|Any CPU.Build.0 = Release|Any CPU
		{78B41DCB-7EDD-4E77-B903-4A78D125A142}.Debug|Any CPU.ActiveCfg = Debug|Any CPU
		{78B41DCB-7EDD-4E77-B903-4A78D125A142}.Debug|Any CPU.Build.0 = Debug|Any CPU
		{78B41DCB-7EDD-4E77-B903-4A78D125A142}.Release|Any CPU.ActiveCfg = Release|Any CPU
		{78B41DCB-7EDD-4E77-B903-4A78D125A142}.Release|Any CPU.Build.0 = Release|Any CPU
		{4DADE178-9854-4F1D-BEDC-38D2E6CC3E6D}.Debug|Any CPU.ActiveCfg = Debug|Any CPU
		{4DADE178-9854-4F1D-BEDC-38D2E6CC3E6D}.Debug|Any CPU.Build.0 = Debug|Any CPU
		{4DADE178-9854-4F1D-BEDC-38D2E6CC3E6D}.Release|Any CPU.ActiveCfg = Release|Any CPU
		{4DADE178-9854-4F1D-BEDC-38D2E6CC3E6D}.Release|Any CPU.Build.0 = Release|Any CPU
	EndGlobalSection
	GlobalSection(SolutionProperties) = preSolution
		HideSolutionNode = FALSE
	EndGlobalSection
	GlobalSection(ExtensibilityGlobals) = postSolution
		SolutionGuid = {49329C03-5938-4D1A-9A2B-C6ED3CF604FF}
	EndGlobalSection
EndGlobal
